{
  "name": "yjinlee99",
  "version": "0.3.0",
  "lockfileVersion": 3,
  "requires": true,
  "packages": {
    "": {
      "name": "yjinlee99",
      "version": "0.3.0",
      "license": "ISC",
      "dependencies": {
        "yjinlee99": "^0.3.0"
      },
      "bin": {
        "yjinlee99": "index.js"
      }
    },
    "node_modules/yjinlee99": {
      "version": "0.3.0",
      "resolved": "https://registry.npmjs.org/yjinlee99/-/yjinlee99-0.3.0.tgz",
      "integrity": "sha512-5VtZH9NCZXjqms4OoTqvQ7z4d+QO1yjhvyZtrgwNrznnTrjEtCcOck3qVMEXk2tY6GFFZJihRa617GsSMXdGyw==",
      "bin": {
        "yjinlee99": "index.js"
      }
    }
  }
}
